// !$*UTF8*$!
{
	archiveVersion = 1;
	classes = {
	};
	objectVersion = 56;
	objects = {

/* Begin PBXBuildFile section */
		DAC30E192C54BFDD005B08BD /* madaniApp.swift in Sources */ = {isa = PBXBuildFile; fileRef = DAC30E182C54BFDD005B08BD /* madaniApp.swift */; };
		DAC30E1B2C54BFDD005B08BD /* ContentView.swift in Sources */ = {isa = PBXBuildFile; fileRef = DAC30E1A2C54BFDD005B08BD /* ContentView.swift */; };
		DAC30E1D2C54BFDE005B08BD /* Assets.xcassets in Resources */ = {isa = PBXBuildFile; fileRef = DAC30E1C2C54BFDE005B08BD /* Assets.xcassets */; };
		DAC30E202C54BFDE005B08BD /* Preview Assets.xcassets in Resources */ = {isa = PBXBuildFile; fileRef = DAC30E1F2C54BFDE005B08BD /* Preview Assets.xcassets */; };
		DAC30E2A2C54C4FE005B08BD /* HomeView.swift in Sources */ = {isa = PBXBuildFile; fileRef = DAC30E292C54C4FE005B08BD /* HomeView.swift */; };
		DAC30E2D2C54C53F005B08BD /* HomeModel.swift in Sources */ = {isa = PBXBuildFile; fileRef = DAC30E2C2C54C53F005B08BD /* HomeModel.swift */; };
		DAC30E2F2C54C54F005B08BD /* HomeViewModel.swift in Sources */ = {isa = PBXBuildFile; fileRef = DAC30E2E2C54C54F005B08BD /* HomeViewModel.swift */; };
		DAC30E312C54C5D8005B08BD /* MainHomeView.swift in Sources */ = {isa = PBXBuildFile; fileRef = DAC30E302C54C5D8005B08BD /* MainHomeView.swift */; };
		DAC30E372C54C6B8005B08BD /* TokoKaryaView.swift in Sources */ = {isa = PBXBuildFile; fileRef = DAC30E362C54C6B8005B08BD /* TokoKaryaView.swift */; };
		DAC30E3B2C54C6E9005B08BD /* EdukasiViewModel.swift in Sources */ = {isa = PBXBuildFile; fileRef = DAC30E3A2C54C6E9005B08BD /* EdukasiViewModel.swift */; };
		DAC30E3D2C54C6FF005B08BD /* EdukasiView.swift in Sources */ = {isa = PBXBuildFile; fileRef = DAC30E3C2C54C6FF005B08BD /* EdukasiView.swift */; };
		DAC30E412C54C797005B08BD /* ProfileView.swift in Sources */ = {isa = PBXBuildFile; fileRef = DAC30E402C54C797005B08BD /* ProfileView.swift */; };
/* End PBXBuildFile section */

/* Begin PBXFileReference section */
		DAC30E152C54BFDD005B08BD /* madani.app */ = {isa = PBXFileReference; explicitFileType = wrapper.application; includeInIndex = 0; path = madani.app; sourceTree = BUILT_PRODUCTS_DIR; };
		DAC30E182C54BFDD005B08BD /* madaniApp.swift */ = {isa = PBXFileReference; lastKnownFileType = sourcecode.swift; path = madaniApp.swift; sourceTree = "<group>"; };
		DAC30E1A2C54BFDD005B08BD /* ContentView.swift */ = {isa = PBXFileReference; lastKnownFileType = sourcecode.swift; path = ContentView.swift; sourceTree = "<group>"; };
		DAC30E1C2C54BFDE005B08BD /* Assets.xcassets */ = {isa = PBXFileReference; lastKnownFileType = folder.assetcatalog; path = Assets.xcassets; sourceTree = "<group>"; };
		DAC30E1F2C54BFDE005B08BD /* Preview Assets.xcassets */ = {isa = PBXFileReference; lastKnownFileType = folder.assetcatalog; path = "Preview Assets.xcassets"; sourceTree = "<group>"; };
		DAC30E292C54C4FE005B08BD /* HomeView.swift */ = {isa = PBXFileReference; lastKnownFileType = sourcecode.swift; path = HomeView.swift; sourceTree = "<group>"; };
		DAC30E2C2C54C53F005B08BD /* HomeModel.swift */ = {isa = PBXFileReference; lastKnownFileType = sourcecode.swift; path = HomeModel.swift; sourceTree = "<group>"; };
		DAC30E2E2C54C54F005B08BD /* HomeViewModel.swift */ = {isa = PBXFileReference; lastKnownFileType = sourcecode.swift; path = HomeViewModel.swift; sourceTree = "<group>"; };
		DAC30E302C54C5D8005B08BD /* MainHomeView.swift */ = {isa = PBXFileReference; lastKnownFileType = sourcecode.swift; path = MainHomeView.swift; sourceTree = "<group>"; };
		DAC30E362C54C6B8005B08BD /* TokoKaryaView.swift */ = {isa = PBXFileReference; lastKnownFileType = sourcecode.swift; path = TokoKaryaView.swift; sourceTree = "<group>"; };
		DAC30E3A2C54C6E9005B08BD /* EdukasiViewModel.swift */ = {isa = PBXFileReference; lastKnownFileType = sourcecode.swift; path = EdukasiViewModel.swift; sourceTree = "<group>"; };
		DAC30E3C2C54C6FF005B08BD /* EdukasiView.swift */ = {isa = PBXFileReference; lastKnownFileType = sourcecode.swift; path = EdukasiView.swift; sourceTree = "<group>"; };
		DAC30E402C54C797005B08BD /* ProfileView.swift */ = {isa = PBXFileReference; lastKnownFileType = sourcecode.swift; path = ProfileView.swift; sourceTree = "<group>"; };
/* End PBXFileReference section */

/* Begin PBXFrameworksBuildPhase section */
		DAC30E122C54BFDD005B08BD /* Frameworks */ = {
			isa = PBXFrameworksBuildPhase;
			buildActionMask = 2147483647;
			files = (
			);
			runOnlyForDeploymentPostprocessing = 0;
		};
/* End PBXFrameworksBuildPhase section */

/* Begin PBXGroup section */
		DAC30E0C2C54BFDD005B08BD = {
			isa = PBXGroup;
			children = (
				DAC30E172C54BFDD005B08BD /* madani */,
				DAC30E162C54BFDD005B08BD /* Products */,
			);
			sourceTree = "<group>";
		};
		DAC30E162C54BFDD005B08BD /* Products */ = {
			isa = PBXGroup;
			children = (
				DAC30E152C54BFDD005B08BD /* madani.app */,
			);
			name = Products;
			sourceTree = "<group>";
		};
		DAC30E172C54BFDD005B08BD /* madani */ = {
			isa = PBXGroup;
			children = (
				DAC30E3E2C54C753005B08BD /* ProfilePage */,
				DAC30E382C54C6CE005B08BD /* EdukasiPage */,
				DAC30E322C54C68A005B08BD /* TokoKaryaPage */,
				DAC30E262C54C4DF005B08BD /* MainHomePage */,
				DAC30E182C54BFDD005B08BD /* madaniApp.swift */,
				DAC30E1A2C54BFDD005B08BD /* ContentView.swift */,
				DAC30E1C2C54BFDE005B08BD /* Assets.xcassets */,
				DAC30E1E2C54BFDE005B08BD /* Preview Content */,
			);
			path = madani;
			sourceTree = "<group>";
		};
		DAC30E1E2C54BFDE005B08BD /* Preview Content */ = {
			isa = PBXGroup;
			children = (
				DAC30E1F2C54BFDE005B08BD /* Preview Assets.xcassets */,
			);
			path = "Preview Content";
			sourceTree = "<group>";
		};
		DAC30E262C54C4DF005B08BD /* MainHomePage */ = {
			isa = PBXGroup;
			children = (
				DAC30E272C54C4EB005B08BD /* HomePage */,
				DAC30E302C54C5D8005B08BD /* MainHomeView.swift */,
			);
			path = MainHomePage;
			sourceTree = "<group>";
		};
		DAC30E272C54C4EB005B08BD /* HomePage */ = {
			isa = PBXGroup;
			children = (
				DAC30E2B2C54C533005B08BD /* Model */,
				DAC30E282C54C4F2005B08BD /* ViewModel */,
				DAC30E292C54C4FE005B08BD /* HomeView.swift */,
			);
			path = HomePage;
			sourceTree = "<group>";
		};
		DAC30E282C54C4F2005B08BD /* ViewModel */ = {
			isa = PBXGroup;
			children = (
				DAC30E2E2C54C54F005B08BD /* HomeViewModel.swift */,
			);
			path = ViewModel;
			sourceTree = "<group>";
		};
		DAC30E2B2C54C533005B08BD /* Model */ = {
			isa = PBXGroup;
			children = (
				DAC30E2C2C54C53F005B08BD /* HomeModel.swift */,
			);
			path = Model;
			sourceTree = "<group>";
		};
		DAC30E322C54C68A005B08BD /* TokoKaryaPage */ = {
			isa = PBXGroup;
			children = (
				DAC30E332C54C691005B08BD /* ViewModel */,
				DAC30E362C54C6B8005B08BD /* TokoKaryaView.swift */,
			);
			path = TokoKaryaPage;
			sourceTree = "<group>";
		};
		DAC30E332C54C691005B08BD /* ViewModel */ = {
			isa = PBXGroup;
			children = (
			);
			path = ViewModel;
			sourceTree = "<group>";
		};
		DAC30E382C54C6CE005B08BD /* EdukasiPage */ = {
			isa = PBXGroup;
			children = (
				DAC30E392C54C6D4005B08BD /* ViewModel */,
				DAC30E3C2C54C6FF005B08BD /* EdukasiView.swift */,
			);
			path = EdukasiPage;
			sourceTree = "<group>";
		};
		DAC30E392C54C6D4005B08BD /* ViewModel */ = {
			isa = PBXGroup;
			children = (
				DAC30E3A2C54C6E9005B08BD /* EdukasiViewModel.swift */,
			);
			path = ViewModel;
			sourceTree = "<group>";
		};
		DAC30E3E2C54C753005B08BD /* ProfilePage */ = {
			isa = PBXGroup;
			children = (
				DAC30E3F2C54C75C005B08BD /* ViewModel */,
				DAC30E402C54C797005B08BD /* ProfileView.swift */,
			);
			path = ProfilePage;
			sourceTree = "<group>";
		};
		DAC30E3F2C54C75C005B08BD /* ViewModel */ = {
			isa = PBXGroup;
			children = (
			);
			path = ViewModel;
			sourceTree = "<group>";
		};
/* End PBXGroup section */

/* Begin PBXNativeTarget section */
		DAC30E142C54BFDD005B08BD /* madani */ = {
			isa = PBXNativeTarget;
			buildConfigurationList = DAC30E232C54BFDE005B08BD /* Build configuration list for PBXNativeTarget "madani" */;
			buildPhases = (
				DAC30E112C54BFDD005B08BD /* Sources */,
				DAC30E122C54BFDD005B08BD /* Frameworks */,
				DAC30E132C54BFDD005B08BD /* Resources */,
			);
			buildRules = (
			);
			dependencies = (
			);
			name = madani;
			productName = madani;
			productReference = DAC30E152C54BFDD005B08BD /* madani.app */;
			productType = "com.apple.product-type.application";
		};
/* End PBXNativeTarget section */

/* Begin PBXProject section */
		DAC30E0D2C54BFDD005B08BD /* Project object */ = {
			isa = PBXProject;
			attributes = {
				BuildIndependentTargetsInParallel = 1;
				LastSwiftUpdateCheck = 1520;
				LastUpgradeCheck = 1520;
				TargetAttributes = {
					DAC30E142C54BFDD005B08BD = {
						CreatedOnToolsVersion = 15.2;
					};
				};
			};
			buildConfigurationList = DAC30E102C54BFDD005B08BD /* Build configuration list for PBXProject "madani" */;
			compatibilityVersion = "Xcode 14.0";
			developmentRegion = en;
			hasScannedForEncodings = 0;
			knownRegions = (
				en,
				Base,
			);
			mainGroup = DAC30E0C2C54BFDD005B08BD;
			productRefGroup = DAC30E162C54BFDD005B08BD /* Products */;
			projectDirPath = "";
			projectRoot = "";
			targets = (
				DAC30E142C54BFDD005B08BD /* madani */,
			);
		};
/* End PBXProject section */

/* Begin PBXResourcesBuildPhase section */
		DAC30E132C54BFDD005B08BD /* Resources */ = {
			isa = PBXResourcesBuildPhase;
			buildActionMask = 2147483647;
			files = (
				DAC30E202C54BFDE005B08BD /* Preview Assets.xcassets in Resources */,
				DAC30E1D2C54BFDE005B08BD /* Assets.xcassets in Resources */,
			);
			runOnlyForDeploymentPostprocessing = 0;
		};
/* End PBXResourcesBuildPhase section */

/* Begin PBXSourcesBuildPhase section */
		DAC30E112C54BFDD005B08BD /* Sources */ = {
			isa = PBXSourcesBuildPhase;
			buildActionMask = 2147483647;
			files = (
				DAC30E372C54C6B8005B08BD /* TokoKaryaView.swift in Sources */,
				DAC30E2D2C54C53F005B08BD /* HomeModel.swift in Sources */,
				DAC30E2A2C54C4FE005B08BD /* HomeView.swift in Sources */,
				DAC30E3D2C54C6FF005B08BD /* EdukasiView.swift in Sources */,
				DAC30E312C54C5D8005B08BD /* MainHomeView.swift in Sources */,
				DAC30E3B2C54C6E9005B08BD /* EdukasiViewModel.swift in Sources */,
				DAC30E412C54C797005B08BD /* ProfileView.swift in Sources */,
				DAC30E1B2C54BFDD005B08BD /* ContentView.swift in Sources */,
				DAC30E2F2C54C54F005B08BD /* HomeViewModel.swift in Sources */,
				DAC30E192C54BFDD005B08BD /* madaniApp.swift in Sources */,
			);
			runOnlyForDeploymentPostprocessing = 0;
		};
/* End PBXSourcesBuildPhase section */

/* Begin XCBuildConfiguration section */
		DAC30E212C54BFDE005B08BD /* Debug */ = {
			isa = XCBuildConfiguration;
			buildSettings = {
				ALWAYS_SEARCH_USER_PATHS = NO;
				ASSETCATALOG_COMPILER_GENERATE_SWIFT_ASSET_SYMBOL_EXTENSIONS = YES;
				CLANG_ANALYZER_NONNULL = YES;
				CLANG_ANALYZER_NUMBER_OBJECT_CONVERSION = YES_AGGRESSIVE;
				CLANG_CXX_LANGUAGE_STANDARD = "gnu++20";
				CLANG_ENABLE_MODULES = YES;
				CLANG_ENABLE_OBJC_ARC = YES;
				CLANG_ENABLE_OBJC_WEAK = YES;
				CLANG_WARN_BLOCK_CAPTURE_AUTORELEASING = YES;
				CLANG_WARN_BOOL_CONVERSION = YES;
				CLANG_WARN_COMMA = YES;
				CLANG_WARN_CONSTANT_CONVERSION = YES;
				CLANG_WARN_DEPRECATED_OBJC_IMPLEMENTATIONS = YES;
				CLANG_WARN_DIRECT_OBJC_ISA_USAGE = YES_ERROR;
				CLANG_WARN_DOCUMENTATION_COMMENTS = YES;
				CLANG_WARN_EMPTY_BODY = YES;
				CLANG_WARN_ENUM_CONVERSION = YES;
				CLANG_WARN_INFINITE_RECURSION = YES;
				CLANG_WARN_INT_CONVERSION = YES;
				CLANG_WARN_NON_LITERAL_NULL_CONVERSION = YES;
				CLANG_WARN_OBJC_IMPLICIT_RETAIN_SELF = YES;
				CLANG_WARN_OBJC_LITERAL_CONVERSION = YES;
				CLANG_WARN_OBJC_ROOT_CLASS = YES_ERROR;
				CLANG_WARN_QUOTED_INCLUDE_IN_FRAMEWORK_HEADER = YES;
				CLANG_WARN_RANGE_LOOP_ANALYSIS = YES;
				CLANG_WARN_STRICT_PROTOTYPES = YES;
				CLANG_WARN_SUSPICIOUS_MOVE = YES;
				CLANG_WARN_UNGUARDED_AVAILABILITY = YES_AGGRESSIVE;
				CLANG_WARN_UNREACHABLE_CODE = YES;
				CLANG_WARN__DUPLICATE_METHOD_MATCH = YES;
				COPY_PHASE_STRIP = NO;
				DEBUG_INFORMATION_FORMAT = dwarf;
				ENABLE_STRICT_OBJC_MSGSEND = YES;
				ENABLE_TESTABILITY = YES;
				ENABLE_USER_SCRIPT_SANDBOXING = YES;
				GCC_C_LANGUAGE_STANDARD = gnu17;
				GCC_DYNAMIC_NO_PIC = NO;
				GCC_NO_COMMON_BLOCKS = YES;
				GCC_OPTIMIZATION_LEVEL = 0;
				GCC_PREPROCESSOR_DEFINITIONS = (
					"DEBUG=1",
					"$(inherited)",
				);
				GCC_WARN_64_TO_32_BIT_CONVERSION = YES;
				GCC_WARN_ABOUT_RETURN_TYPE = YES_ERROR;
				GCC_WARN_UNDECLARED_SELECTOR = YES;
				GCC_WARN_UNINITIALIZED_AUTOS = YES_AGGRESSIVE;
				GCC_WARN_UNUSED_FUNCTION = YES;
				GCC_WARN_UNUSED_VARIABLE = YES;
				IPHONEOS_DEPLOYMENT_TARGET = 17.2;
				LOCALIZATION_PREFERS_STRING_CATALOGS = YES;
				MTL_ENABLE_DEBUG_INFO = INCLUDE_SOURCE;
				MTL_FAST_MATH = YES;
				ONLY_ACTIVE_ARCH = YES;
				SDKROOT = iphoneos;
				SWIFT_ACTIVE_COMPILATION_CONDITIONS = "DEBUG $(inherited)";
				SWIFT_OPTIMIZATION_LEVEL = "-Onone";
			};
			name = Debug;
		};
		DAC30E222C54BFDE005B08BD /* Release */ = {
			isa = XCBuildConfiguration;
			buildSettings = {
				ALWAYS_SEARCH_USER_PATHS = NO;
				ASSETCATALOG_COMPILER_GENERATE_SWIFT_ASSET_SYMBOL_EXTENSIONS = YES;
				CLANG_ANALYZER_NONNULL = YES;
				CLANG_ANALYZER_NUMBER_OBJECT_CONVERSION = YES_AGGRESSIVE;
				CLANG_CXX_LANGUAGE_STANDARD = "gnu++20";
				CLANG_ENABLE_MODULES = YES;
				CLANG_ENABLE_OBJC_ARC = YES;
				CLANG_ENABLE_OBJC_WEAK = YES;
				CLANG_WARN_BLOCK_CAPTURE_AUTORELEASING = YES;
				CLANG_WARN_BOOL_CONVERSION = YES;
				CLANG_WARN_COMMA = YES;
				CLANG_WARN_CONSTANT_CONVERSION = YES;
				CLANG_WARN_DEPRECATED_OBJC_IMPLEMENTATIONS = YES;
				CLANG_WARN_DIRECT_OBJC_ISA_USAGE = YES_ERROR;
				CLANG_WARN_DOCUMENTATION_COMMENTS = YES;
				CLANG_WARN_EMPTY_BODY = YES;
				CLANG_WARN_ENUM_CONVERSION = YES;
				CLANG_WARN_INFINITE_RECURSION = YES;
				CLANG_WARN_INT_CONVERSION = YES;
				CLANG_WARN_NON_LITERAL_NULL_CONVERSION = YES;
				CLANG_WARN_OBJC_IMPLICIT_RETAIN_SELF = YES;
				CLANG_WARN_OBJC_LITERAL_CONVERSION = YES;
				CLANG_WARN_OBJC_ROOT_CLASS = YES_ERROR;
				CLANG_WARN_QUOTED_INCLUDE_IN_FRAMEWORK_HEADER = YES;
				CLANG_WARN_RANGE_LOOP_ANALYSIS = YES;
				CLANG_WARN_STRICT_PROTOTYPES = YES;
				CLANG_WARN_SUSPICIOUS_MOVE = YES;
				CLANG_WARN_UNGUARDED_AVAILABILITY = YES_AGGRESSIVE;
				CLANG_WARN_UNREACHABLE_CODE = YES;
				CLANG_WARN__DUPLICATE_METHOD_MATCH = YES;
				COPY_PHASE_STRIP = NO;
				DEBUG_INFORMATION_FORMAT = "dwarf-with-dsym";
				ENABLE_NS_ASSERTIONS = NO;
				ENABLE_STRICT_OBJC_MSGSEND = YES;
				ENABLE_USER_SCRIPT_SANDBOXING = YES;
				GCC_C_LANGUAGE_STANDARD = gnu17;
				GCC_NO_COMMON_BLOCKS = YES;
				GCC_WARN_64_TO_32_BIT_CONVERSION = YES;
				GCC_WARN_ABOUT_RETURN_TYPE = YES_ERROR;
				GCC_WARN_UNDECLARED_SELECTOR = YES;
				GCC_WARN_UNINITIALIZED_AUTOS = YES_AGGRESSIVE;
				GCC_WARN_UNUSED_FUNCTION = YES;
				GCC_WARN_UNUSED_VARIABLE = YES;
				IPHONEOS_DEPLOYMENT_TARGET = 17.2;
				LOCALIZATION_PREFERS_STRING_CATALOGS = YES;
				MTL_ENABLE_DEBUG_INFO = NO;
				MTL_FAST_MATH = YES;
				SDKROOT = iphoneos;
				SWIFT_COMPILATION_MODE = wholemodule;
				VALIDATE_PRODUCT = YES;
			};
			name = Release;
		};
		DAC30E242C54BFDE005B08BD /* Debug */ = {
			isa = XCBuildConfiguration;
			buildSettings = {
				ASSETCATALOG_COMPILER_APPICON_NAME = AppIcon;
				ASSETCATALOG_COMPILER_GLOBAL_ACCENT_COLOR_NAME = AccentColor;
				CODE_SIGN_STYLE = Automatic;
				CURRENT_PROJECT_VERSION = 1;
				DEVELOPMENT_ASSET_PATHS = "\"madani/Preview Content\"";
				DEVELOPMENT_TEAM = U6Q497VS85;
				ENABLE_PREVIEWS = YES;
				GENERATE_INFOPLIST_FILE = YES;
				INFOPLIST_KEY_UIApplicationSceneManifest_Generation = YES;
				INFOPLIST_KEY_UIApplicationSupportsIndirectInputEvents = YES;
				INFOPLIST_KEY_UILaunchScreen_Generation = YES;
				INFOPLIST_KEY_UISupportedInterfaceOrientations_iPad = "UIInterfaceOrientationPortrait UIInterfaceOrientationPortraitUpsideDown UIInterfaceOrientationLandscapeLeft UIInterfaceOrientationLandscapeRight";
				INFOPLIST_KEY_UISupportedInterfaceOrientations_iPhone = "UIInterfaceOrientationPortrait UIInterfaceOrientationLandscapeLeft UIInterfaceOrientationLandscapeRight";
				LD_RUNPATH_SEARCH_PATHS = (
					"$(inherited)",
					"@executable_path/Frameworks",
				);
				MARKETING_VERSION = 1.0;
				PRODUCT_BUNDLE_IDENTIFIER = Fakhry.madani;
				PRODUCT_NAME = "$(TARGET_NAME)";
				SWIFT_EMIT_LOC_STRINGS = YES;
				SWIFT_VERSION = 5.0;
				TARGETED_DEVICE_FAMILY = "1,2";
			};
			name = Debug;
		};
		DAC30E252C54BFDE005B08BD /* Release */ = {
			isa = XCBuildConfiguration;
			buildSettings = {
				ASSETCATALOG_COMPILER_APPICON_NAME = AppIcon;
				ASSETCATALOG_COMPILER_GLOBAL_ACCENT_COLOR_NAME = AccentColor;
				CODE_SIGN_STYLE = Automatic;
				CURRENT_PROJECT_VERSION = 1;
				DEVELOPMENT_ASSET_PATHS = "\"madani/Preview Content\"";
				DEVELOPMENT_TEAM = U6Q497VS85;
				ENABLE_PREVIEWS = YES;
				GENERATE_INFOPLIST_FILE = YES;
				INFOPLIST_KEY_UIApplicationSceneManifest_Generation = YES;
				INFOPLIST_KEY_UIApplicationSupportsIndirectInputEvents = YES;
				INFOPLIST_KEY_UILaunchScreen_Generation = YES;
				INFOPLIST_KEY_UISupportedInterfaceOrientations_iPad = "UIInterfaceOrientationPortrait UIInterfaceOrientationPortraitUpsideDown UIInterfaceOrientationLandscapeLeft UIInterfaceOrientationLandscapeRight";
				INFOPLIST_KEY_UISupportedInterfaceOrientations_iPhone = "UIInterfaceOrientationPortrait UIInterfaceOrientationLandscapeLeft UIInterfaceOrientationLandscapeRight";
				LD_RUNPATH_SEARCH_PATHS = (
					"$(inherited)",
					"@executable_path/Frameworks",
				);
				MARKETING_VERSION = 1.0;
				PRODUCT_BUNDLE_IDENTIFIER = Fakhry.madani;
				PRODUCT_NAME = "$(TARGET_NAME)";
				SWIFT_EMIT_LOC_STRINGS = YES;
				SWIFT_VERSION = 5.0;
				TARGETED_DEVICE_FAMILY = "1,2";
			};
			name = Release;
		};
/* End XCBuildConfiguration section */

/* Begin XCConfigurationList section */
		DAC30E102C54BFDD005B08BD /* Build configuration list for PBXProject "madani" */ = {
			isa = XCConfigurationList;
			buildConfigurations = (
				DAC30E212C54BFDE005B08BD /* Debug */,
				DAC30E222C54BFDE005B08BD /* Release */,
			);
			defaultConfigurationIsVisible = 0;
			defaultConfigurationName = Release;
		};
		DAC30E232C54BFDE005B08BD /* Build configuration list for PBXNativeTarget "madani" */ = {
			isa = XCConfigurationList;
			buildConfigurations = (
				DAC30E242C54BFDE005B08BD /* Debug */,
				DAC30E252C54BFDE005B08BD /* Release */,
			);
			defaultConfigurationIsVisible = 0;
			defaultConfigurationName = Release;
		};
/* End XCConfigurationList section */
	};
	rootObject = DAC30E0D2C54BFDD005B08BD /* Project object */;
}
